// !$*UTF8*$!
{
	archiveVersion = 1;
	classes = {
	};
	objectVersion = 56;
	objects = {

/* Begin PBXBuildFile section */
		7B20555029DF58A9004F4053 /* MainViewModel.swift in Sources */ = {isa = PBXBuildFile; fileRef = 7B20554F29DF58A9004F4053 /* MainViewModel.swift */; };
		7B20555629DF5A08004F4053 /* VMforStores.swift in Sources */ = {isa = PBXBuildFile; fileRef = 7B20555529DF5A08004F4053 /* VMforStores.swift */; };
		7B39296C29DC18760065B0B4 /* HW_04_OTUS_NikitinALApp.swift in Sources */ = {isa = PBXBuildFile; fileRef = 7B39296B29DC18760065B0B4 /* HW_04_OTUS_NikitinALApp.swift */; };
		7B39296E29DC18760065B0B4 /* MainScreen.swift in Sources */ = {isa = PBXBuildFile; fileRef = 7B39296D29DC18760065B0B4 /* MainScreen.swift */; };
		7B39297029DC18770065B0B4 /* Assets.xcassets in Resources */ = {isa = PBXBuildFile; fileRef = 7B39296F29DC18770065B0B4 /* Assets.xcassets */; };
		7B39297329DC18770065B0B4 /* Preview Assets.xcassets in Resources */ = {isa = PBXBuildFile; fileRef = 7B39297229DC18770065B0B4 /* Preview Assets.xcassets */; };
		7B39299829DC2F380065B0B4 /* Configurator.swift in Sources */ = {isa = PBXBuildFile; fileRef = 7B39299529DC2F380065B0B4 /* Configurator.swift */; };
		7B3929A429DC3E950065B0B4 /* DI.swift in Sources */ = {isa = PBXBuildFile; fileRef = 7B3929A329DC3E950065B0B4 /* DI.swift */; };
		7B69487029DC610F00A322BA /* Injected.swift in Sources */ = {isa = PBXBuildFile; fileRef = 7B69486F29DC610F00A322BA /* Injected.swift */; };
		7B69487429DDF2FF00A322BA /* Store+Identifiable.swift in Sources */ = {isa = PBXBuildFile; fileRef = 7B69487329DDF2FF00A322BA /* Store+Identifiable.swift */; };
		7BB5D4D129EED8570082CE6D /* ALNUI in Frameworks */ = {isa = PBXBuildFile; productRef = 7BB5D4D029EED8570082CE6D /* ALNUI */; };
		7BB5D4D429EED87E0082CE6D /* NavStack in Frameworks */ = {isa = PBXBuildFile; productRef = 7BB5D4D329EED87E0082CE6D /* NavStack */; };
		7BB5D4D729EED8B10082CE6D /* Networking in Frameworks */ = {isa = PBXBuildFile; productRef = 7BB5D4D629EED8B10082CE6D /* Networking */; };
		7BB5D4DC29EEDA7C0082CE6D /* ALNServices in Frameworks */ = {isa = PBXBuildFile; productRef = 7BB5D4DB29EEDA7C0082CE6D /* ALNServices */; };
		7BE8581F29E052520097FCF8 /* VMforDeals.swift in Sources */ = {isa = PBXBuildFile; fileRef = 7BE8581E29E052520097FCF8 /* VMforDeals.swift */; };
		7BE8582429E089C30097FCF8 /* Extensions.swift in Sources */ = {isa = PBXBuildFile; fileRef = 7BE8582329E089C30097FCF8 /* Extensions.swift */; };
/* End PBXBuildFile section */

/* Begin PBXFileReference section */
		7B20554F29DF58A9004F4053 /* MainViewModel.swift */ = {isa = PBXFileReference; fileEncoding = 4; lastKnownFileType = sourcecode.swift; name = MainViewModel.swift; path = "../../../../../Library/Mobile Documents/com~apple~CloudDocs/.Trash/MainViewModel.swift"; sourceTree = "<group>"; };
		7B20555529DF5A08004F4053 /* VMforStores.swift */ = {isa = PBXFileReference; lastKnownFileType = sourcecode.swift; path = VMforStores.swift; sourceTree = "<group>"; };
		7B39296829DC18760065B0B4 /* HW-04-OTUS-NikitinAL.app */ = {isa = PBXFileReference; explicitFileType = wrapper.application; includeInIndex = 0; path = "HW-04-OTUS-NikitinAL.app"; sourceTree = BUILT_PRODUCTS_DIR; };
		7B39296B29DC18760065B0B4 /* HW_04_OTUS_NikitinALApp.swift */ = {isa = PBXFileReference; lastKnownFileType = sourcecode.swift; path = HW_04_OTUS_NikitinALApp.swift; sourceTree = "<group>"; };
		7B39296D29DC18760065B0B4 /* MainScreen.swift */ = {isa = PBXFileReference; lastKnownFileType = sourcecode.swift; path = MainScreen.swift; sourceTree = "<group>"; };
		7B39296F29DC18770065B0B4 /* Assets.xcassets */ = {isa = PBXFileReference; lastKnownFileType = folder.assetcatalog; path = Assets.xcassets; sourceTree = "<group>"; };
		7B39297229DC18770065B0B4 /* Preview Assets.xcassets */ = {isa = PBXFileReference; lastKnownFileType = folder.assetcatalog; path = "Preview Assets.xcassets"; sourceTree = "<group>"; };
		7B39299529DC2F380065B0B4 /* Configurator.swift */ = {isa = PBXFileReference; fileEncoding = 4; lastKnownFileType = sourcecode.swift; path = Configurator.swift; sourceTree = "<group>"; };
		7B3929A329DC3E950065B0B4 /* DI.swift */ = {isa = PBXFileReference; lastKnownFileType = sourcecode.swift; path = DI.swift; sourceTree = "<group>"; };
		7B69486F29DC610F00A322BA /* Injected.swift */ = {isa = PBXFileReference; fileEncoding = 4; lastKnownFileType = sourcecode.swift; path = Injected.swift; sourceTree = "<group>"; };
		7B69487329DDF2FF00A322BA /* Store+Identifiable.swift */ = {isa = PBXFileReference; lastKnownFileType = sourcecode.swift; path = "Store+Identifiable.swift"; sourceTree = "<group>"; };
		7BB5D4DA29EEDA440082CE6D /* ALNServices */ = {isa = PBXFileReference; lastKnownFileType = wrapper; path = ALNServices; sourceTree = "<group>"; };
		7BE8581E29E052520097FCF8 /* VMforDeals.swift */ = {isa = PBXFileReference; lastKnownFileType = sourcecode.swift; path = VMforDeals.swift; sourceTree = "<group>"; };
		7BE8582329E089C30097FCF8 /* Extensions.swift */ = {isa = PBXFileReference; lastKnownFileType = sourcecode.swift; path = Extensions.swift; sourceTree = "<group>"; };
/* End PBXFileReference section */

/* Begin PBXFrameworksBuildPhase section */
		7B39296529DC18760065B0B4 /* Frameworks */ = {
			isa = PBXFrameworksBuildPhase;
			buildActionMask = 2147483647;
			files = (
				7BB5D4D429EED87E0082CE6D /* NavStack in Frameworks */,
				7BB5D4D729EED8B10082CE6D /* Networking in Frameworks */,
				7BB5D4DC29EEDA7C0082CE6D /* ALNServices in Frameworks */,
				7BB5D4D129EED8570082CE6D /* ALNUI in Frameworks */,
			);
			runOnlyForDeploymentPostprocessing = 0;
		};
/* End PBXFrameworksBuildPhase section */

/* Begin PBXGroup section */
		7B39295F29DC18760065B0B4 = {
			isa = PBXGroup;
			children = (
				7BB5D4D829EEDA300082CE6D /* Packages */,
				7B39296A29DC18760065B0B4 /* HW-04-OTUS-NikitinAL */,
				7B39296929DC18760065B0B4 /* Products */,
				7B39299C29DC2FED0065B0B4 /* Frameworks */,
			);
			sourceTree = "<group>";
		};
		7B39296929DC18760065B0B4 /* Products */ = {
			isa = PBXGroup;
			children = (
				7B39296829DC18760065B0B4 /* HW-04-OTUS-NikitinAL.app */,
			);
			name = Products;
			sourceTree = "<group>";
		};
		7B39296A29DC18760065B0B4 /* HW-04-OTUS-NikitinAL */ = {
			isa = PBXGroup;
			children = (
				7B39296B29DC18760065B0B4 /* HW_04_OTUS_NikitinALApp.swift */,
				7B39299B29DC2F400065B0B4 /* ServiceLocator */,
				7B69487229DDF21600A322BA /* Screens */,
				7B69487129DDF20D00A322BA /* ViewModel */,
				7B69487529DDF30300A322BA /* Model+Ext */,
				7B39296F29DC18770065B0B4 /* Assets.xcassets */,
				7B39297129DC18770065B0B4 /* Preview Content */,
			);
			path = "HW-04-OTUS-NikitinAL";
			sourceTree = "<group>";
		};
		7B39297129DC18770065B0B4 /* Preview Content */ = {
			isa = PBXGroup;
			children = (
				7B39297229DC18770065B0B4 /* Preview Assets.xcassets */,
			);
			path = "Preview Content";
			sourceTree = "<group>";
		};
		7B39299B29DC2F400065B0B4 /* ServiceLocator */ = {
			isa = PBXGroup;
			children = (
				7B39299529DC2F380065B0B4 /* Configurator.swift */,
				7B3929A329DC3E950065B0B4 /* DI.swift */,
				7B69486F29DC610F00A322BA /* Injected.swift */,
			);
			path = ServiceLocator;
			sourceTree = "<group>";
		};
		7B39299C29DC2FED0065B0B4 /* Frameworks */ = {
			isa = PBXGroup;
			children = (
			);
			name = Frameworks;
			sourceTree = "<group>";
		};
		7B69487129DDF20D00A322BA /* ViewModel */ = {
			isa = PBXGroup;
			children = (
				7BE8582329E089C30097FCF8 /* Extensions.swift */,
				7B20554F29DF58A9004F4053 /* MainViewModel.swift */,
				7B20555529DF5A08004F4053 /* VMforStores.swift */,
				7BE8581E29E052520097FCF8 /* VMforDeals.swift */,
			);
			path = ViewModel;
			sourceTree = "<group>";
		};
		7B69487229DDF21600A322BA /* Screens */ = {
			isa = PBXGroup;
			children = (
				7B39296D29DC18760065B0B4 /* MainScreen.swift */,
			);
			path = Screens;
			sourceTree = "<group>";
		};
		7B69487529DDF30300A322BA /* Model+Ext */ = {
			isa = PBXGroup;
			children = (
				7B69487329DDF2FF00A322BA /* Store+Identifiable.swift */,
			);
			path = "Model+Ext";
			sourceTree = "<group>";
		};
		7BB5D4D829EEDA300082CE6D /* Packages */ = {
			isa = PBXGroup;
			children = (
				7BB5D4DA29EEDA440082CE6D /* ALNServices */,
			);
			name = Packages;
			sourceTree = "<group>";
		};
/* End PBXGroup section */

/* Begin PBXNativeTarget section */
		7B39296729DC18760065B0B4 /* HW-04-OTUS-NikitinAL */ = {
			isa = PBXNativeTarget;
			buildConfigurationList = 7B39297629DC18770065B0B4 /* Build configuration list for PBXNativeTarget "HW-04-OTUS-NikitinAL" */;
			buildPhases = (
				7B39296429DC18760065B0B4 /* Sources */,
				7B39296529DC18760065B0B4 /* Frameworks */,
				7B39296629DC18760065B0B4 /* Resources */,
			);
			buildRules = (
			);
			dependencies = (
			);
			name = "HW-04-OTUS-NikitinAL";
			packageProductDependencies = (
				7BB5D4D029EED8570082CE6D /* ALNUI */,
				7BB5D4D329EED87E0082CE6D /* NavStack */,
				7BB5D4D629EED8B10082CE6D /* Networking */,
				7BB5D4DB29EEDA7C0082CE6D /* ALNServices */,
			);
			productName = "HW-04-OTUS-NikitinAL";
			productReference = 7B39296829DC18760065B0B4 /* HW-04-OTUS-NikitinAL.app */;
			productType = "com.apple.product-type.application";
		};
/* End PBXNativeTarget section */

/* Begin PBXProject section */
		7B39296029DC18760065B0B4 /* Project object */ = {
			isa = PBXProject;
			attributes = {
				BuildIndependentTargetsInParallel = 1;
				LastSwiftUpdateCheck = 1430;
				LastUpgradeCheck = 1430;
				TargetAttributes = {
					7B39296729DC18760065B0B4 = {
						CreatedOnToolsVersion = 14.3;
					};
				};
			};
			buildConfigurationList = 7B39296329DC18760065B0B4 /* Build configuration list for PBXProject "HW-04-OTUS-NikitinAL" */;
			compatibilityVersion = "Xcode 14.0";
			developmentRegion = en;
			hasScannedForEncodings = 0;
			knownRegions = (
				en,
				Base,
			);
			mainGroup = 7B39295F29DC18760065B0B4;
			packageReferences = (
				7BB5D4CF29EED8570082CE6D /* XCRemoteSwiftPackageReference "ALNUI" */,
				7BB5D4D229EED87E0082CE6D /* XCRemoteSwiftPackageReference "NavStack" */,
				7BB5D4D529EED8B10082CE6D /* XCRemoteSwiftPackageReference "Networking" */,
			);
			productRefGroup = 7B39296929DC18760065B0B4 /* Products */;
			projectDirPath = "";
			projectRoot = "";
			targets = (
				7B39296729DC18760065B0B4 /* HW-04-OTUS-NikitinAL */,
			);
		};
/* End PBXProject section */

/* Begin PBXResourcesBuildPhase section */
		7B39296629DC18760065B0B4 /* Resources */ = {
			isa = PBXResourcesBuildPhase;
			buildActionMask = 2147483647;
			files = (
				7B39297329DC18770065B0B4 /* Preview Assets.xcassets in Resources */,
				7B39297029DC18770065B0B4 /* Assets.xcassets in Resources */,
			);
			runOnlyForDeploymentPostprocessing = 0;
		};
/* End PBXResourcesBuildPhase section */

/* Begin PBXSourcesBuildPhase section */
		7B39296429DC18760065B0B4 /* Sources */ = {
			isa = PBXSourcesBuildPhase;
			buildActionMask = 2147483647;
			files = (
				7B39299829DC2F380065B0B4 /* Configurator.swift in Sources */,
				7BE8581F29E052520097FCF8 /* VMforDeals.swift in Sources */,
				7B20555629DF5A08004F4053 /* VMforStores.swift in Sources */,
				7B20555029DF58A9004F4053 /* MainViewModel.swift in Sources */,
				7BE8582429E089C30097FCF8 /* Extensions.swift in Sources */,
				7B69487429DDF2FF00A322BA /* Store+Identifiable.swift in Sources */,
				7B39296E29DC18760065B0B4 /* MainScreen.swift in Sources */,
				7B39296C29DC18760065B0B4 /* HW_04_OTUS_NikitinALApp.swift in Sources */,
				7B3929A429DC3E950065B0B4 /* DI.swift in Sources */,
				7B69487029DC610F00A322BA /* Injected.swift in Sources */,
			);
			runOnlyForDeploymentPostprocessing = 0;
		};
/* End PBXSourcesBuildPhase section */

/* Begin XCBuildConfiguration section */
		7B39297429DC18770065B0B4 /* Debug */ = {
			isa = XCBuildConfiguration;
			buildSettings = {
				ALWAYS_SEARCH_USER_PATHS = NO;
				CLANG_ANALYZER_NONNULL = YES;
				CLANG_ANALYZER_NUMBER_OBJECT_CONVERSION = YES_AGGRESSIVE;
				CLANG_CXX_LANGUAGE_STANDARD = "gnu++20";
				CLANG_ENABLE_MODULES = YES;
				CLANG_ENABLE_OBJC_ARC = YES;
				CLANG_ENABLE_OBJC_WEAK = YES;
				CLANG_WARN_BLOCK_CAPTURE_AUTORELEASING = YES;
				CLANG_WARN_BOOL_CONVERSION = YES;
				CLANG_WARN_COMMA = YES;
				CLANG_WARN_CONSTANT_CONVERSION = YES;
				CLANG_WARN_DEPRECATED_OBJC_IMPLEMENTATIONS = YES;
				CLANG_WARN_DIRECT_OBJC_ISA_USAGE = YES_ERROR;
				CLANG_WARN_DOCUMENTATION_COMMENTS = YES;
				CLANG_WARN_EMPTY_BODY = YES;
				CLANG_WARN_ENUM_CONVERSION = YES;
				CLANG_WARN_INFINITE_RECURSION = YES;
				CLANG_WARN_INT_CONVERSION = YES;
				CLANG_WARN_NON_LITERAL_NULL_CONVERSION = YES;
				CLANG_WARN_OBJC_IMPLICIT_RETAIN_SELF = YES;
				CLANG_WARN_OBJC_LITERAL_CONVERSION = YES;
				CLANG_WARN_OBJC_ROOT_CLASS = YES_ERROR;
				CLANG_WARN_QUOTED_INCLUDE_IN_FRAMEWORK_HEADER = YES;
				CLANG_WARN_RANGE_LOOP_ANALYSIS = YES;
				CLANG_WARN_STRICT_PROTOTYPES = YES;
				CLANG_WARN_SUSPICIOUS_MOVE = YES;
				CLANG_WARN_UNGUARDED_AVAILABILITY = YES_AGGRESSIVE;
				CLANG_WARN_UNREACHABLE_CODE = YES;
				CLANG_WARN__DUPLICATE_METHOD_MATCH = YES;
				COPY_PHASE_STRIP = NO;
				DEBUG_INFORMATION_FORMAT = dwarf;
				ENABLE_STRICT_OBJC_MSGSEND = YES;
				ENABLE_TESTABILITY = YES;
				GCC_C_LANGUAGE_STANDARD = gnu11;
				GCC_DYNAMIC_NO_PIC = NO;
				GCC_NO_COMMON_BLOCKS = YES;
				GCC_OPTIMIZATION_LEVEL = 0;
				GCC_PREPROCESSOR_DEFINITIONS = (
					"DEBUG=1",
					"$(inherited)",
				);
				GCC_WARN_64_TO_32_BIT_CONVERSION = YES;
				GCC_WARN_ABOUT_RETURN_TYPE = YES_ERROR;
				GCC_WARN_UNDECLARED_SELECTOR = YES;
				GCC_WARN_UNINITIALIZED_AUTOS = YES_AGGRESSIVE;
				GCC_WARN_UNUSED_FUNCTION = YES;
				GCC_WARN_UNUSED_VARIABLE = YES;
				IPHONEOS_DEPLOYMENT_TARGET = 16.4;
				MTL_ENABLE_DEBUG_INFO = INCLUDE_SOURCE;
				MTL_FAST_MATH = YES;
				ONLY_ACTIVE_ARCH = YES;
				SDKROOT = iphoneos;
				SWIFT_ACTIVE_COMPILATION_CONDITIONS = DEBUG;
				SWIFT_OPTIMIZATION_LEVEL = "-Onone";
			};
			name = Debug;
		};
		7B39297529DC18770065B0B4 /* Release */ = {
			isa = XCBuildConfiguration;
			buildSettings = {
				ALWAYS_SEARCH_USER_PATHS = NO;
				CLANG_ANALYZER_NONNULL = YES;
				CLANG_ANALYZER_NUMBER_OBJECT_CONVERSION = YES_AGGRESSIVE;
				CLANG_CXX_LANGUAGE_STANDARD = "gnu++20";
				CLANG_ENABLE_MODULES = YES;
				CLANG_ENABLE_OBJC_ARC = YES;
				CLANG_ENABLE_OBJC_WEAK = YES;
				CLANG_WARN_BLOCK_CAPTURE_AUTORELEASING = YES;
				CLANG_WARN_BOOL_CONVERSION = YES;
				CLANG_WARN_COMMA = YES;
				CLANG_WARN_CONSTANT_CONVERSION = YES;
				CLANG_WARN_DEPRECATED_OBJC_IMPLEMENTATIONS = YES;
				CLANG_WARN_DIRECT_OBJC_ISA_USAGE = YES_ERROR;
				CLANG_WARN_DOCUMENTATION_COMMENTS = YES;
				CLANG_WARN_EMPTY_BODY = YES;
				CLANG_WARN_ENUM_CONVERSION = YES;
				CLANG_WARN_INFINITE_RECURSION = YES;
				CLANG_WARN_INT_CONVERSION = YES;
				CLANG_WARN_NON_LITERAL_NULL_CONVERSION = YES;
				CLANG_WARN_OBJC_IMPLICIT_RETAIN_SELF = YES;
				CLANG_WARN_OBJC_LITERAL_CONVERSION = YES;
				CLANG_WARN_OBJC_ROOT_CLASS = YES_ERROR;
				CLANG_WARN_QUOTED_INCLUDE_IN_FRAMEWORK_HEADER = YES;
				CLANG_WARN_RANGE_LOOP_ANALYSIS = YES;
				CLANG_WARN_STRICT_PROTOTYPES = YES;
				CLANG_WARN_SUSPICIOUS_MOVE = YES;
				CLANG_WARN_UNGUARDED_AVAILABILITY = YES_AGGRESSIVE;
				CLANG_WARN_UNREACHABLE_CODE = YES;
				CLANG_WARN__DUPLICATE_METHOD_MATCH = YES;
				COPY_PHASE_STRIP = NO;
				DEBUG_INFORMATION_FORMAT = "dwarf-with-dsym";
				ENABLE_NS_ASSERTIONS = NO;
				ENABLE_STRICT_OBJC_MSGSEND = YES;
				GCC_C_LANGUAGE_STANDARD = gnu11;
				GCC_NO_COMMON_BLOCKS = YES;
				GCC_WARN_64_TO_32_BIT_CONVERSION = YES;
				GCC_WARN_ABOUT_RETURN_TYPE = YES_ERROR;
				GCC_WARN_UNDECLARED_SELECTOR = YES;
				GCC_WARN_UNINITIALIZED_AUTOS = YES_AGGRESSIVE;
				GCC_WARN_UNUSED_FUNCTION = YES;
				GCC_WARN_UNUSED_VARIABLE = YES;
				IPHONEOS_DEPLOYMENT_TARGET = 16.4;
				MTL_ENABLE_DEBUG_INFO = NO;
				MTL_FAST_MATH = YES;
				SDKROOT = iphoneos;
				SWIFT_COMPILATION_MODE = wholemodule;
				SWIFT_OPTIMIZATION_LEVEL = "-O";
				VALIDATE_PRODUCT = YES;
			};
			name = Release;
		};
		7B39297729DC18770065B0B4 /* Debug */ = {
			isa = XCBuildConfiguration;
			buildSettings = {
				ASSETCATALOG_COMPILER_APPICON_NAME = AppIcon;
				ASSETCATALOG_COMPILER_GLOBAL_ACCENT_COLOR_NAME = AccentColor;
				CODE_SIGN_STYLE = Automatic;
				CURRENT_PROJECT_VERSION = 1;
				DEVELOPMENT_ASSET_PATHS = "\"HW-04-OTUS-NikitinAL/Preview Content\"";
				DEVELOPMENT_TEAM = N73PD4YDBG;
				ENABLE_PREVIEWS = YES;
				GENERATE_INFOPLIST_FILE = YES;
				INFOPLIST_KEY_UIApplicationSceneManifest_Generation = YES;
				INFOPLIST_KEY_UIApplicationSupportsIndirectInputEvents = YES;
				INFOPLIST_KEY_UILaunchScreen_Generation = YES;
				INFOPLIST_KEY_UISupportedInterfaceOrientations_iPad = "UIInterfaceOrientationPortrait UIInterfaceOrientationPortraitUpsideDown UIInterfaceOrientationLandscapeLeft UIInterfaceOrientationLandscapeRight";
				INFOPLIST_KEY_UISupportedInterfaceOrientations_iPhone = "UIInterfaceOrientationPortrait UIInterfaceOrientationLandscapeLeft UIInterfaceOrientationLandscapeRight";
				IPHONEOS_DEPLOYMENT_TARGET = 15.0;
				LD_RUNPATH_SEARCH_PATHS = (
					"$(inherited)",
					"@executable_path/Frameworks",
				);
				MARKETING_VERSION = 1.0;
				PRODUCT_BUNDLE_IDENTIFIER = "al.nikitin.HW-04-OTUS-NikitinAL";
				PRODUCT_NAME = "$(TARGET_NAME)";
				SWIFT_EMIT_LOC_STRINGS = YES;
				SWIFT_VERSION = 5.0;
				TARGETED_DEVICE_FAMILY = "1,2";
			};
			name = Debug;
		};
		7B39297829DC18770065B0B4 /* Release */ = {
			isa = XCBuildConfiguration;
			buildSettings = {
				ASSETCATALOG_COMPILER_APPICON_NAME = AppIcon;
				ASSETCATALOG_COMPILER_GLOBAL_ACCENT_COLOR_NAME = AccentColor;
				CODE_SIGN_STYLE = Automatic;
				CURRENT_PROJECT_VERSION = 1;
				DEVELOPMENT_ASSET_PATHS = "\"HW-04-OTUS-NikitinAL/Preview Content\"";
				DEVELOPMENT_TEAM = N73PD4YDBG;
				ENABLE_PREVIEWS = YES;
				GENERATE_INFOPLIST_FILE = YES;
				INFOPLIST_KEY_UIApplicationSceneManifest_Generation = YES;
				INFOPLIST_KEY_UIApplicationSupportsIndirectInputEvents = YES;
				INFOPLIST_KEY_UILaunchScreen_Generation = YES;
				INFOPLIST_KEY_UISupportedInterfaceOrientations_iPad = "UIInterfaceOrientationPortrait UIInterfaceOrientationPortraitUpsideDown UIInterfaceOrientationLandscapeLeft UIInterfaceOrientationLandscapeRight";
				INFOPLIST_KEY_UISupportedInterfaceOrientations_iPhone = "UIInterfaceOrientationPortrait UIInterfaceOrientationLandscapeLeft UIInterfaceOrientationLandscapeRight";
				IPHONEOS_DEPLOYMENT_TARGET = 15.0;
				LD_RUNPATH_SEARCH_PATHS = (
					"$(inherited)",
					"@executable_path/Frameworks",
				);
				MARKETING_VERSION = 1.0;
				PRODUCT_BUNDLE_IDENTIFIER = "al.nikitin.HW-04-OTUS-NikitinAL";
				PRODUCT_NAME = "$(TARGET_NAME)";
				SWIFT_EMIT_LOC_STRINGS = YES;
				SWIFT_VERSION = 5.0;
				TARGETED_DEVICE_FAMILY = "1,2";
			};
			name = Release;
		};
/* End XCBuildConfiguration section */

/* Begin XCConfigurationList section */
		7B39296329DC18760065B0B4 /* Build configuration list for PBXProject "HW-04-OTUS-NikitinAL" */ = {
			isa = XCConfigurationList;
			buildConfigurations = (
				7B39297429DC18770065B0B4 /* Debug */,
				7B39297529DC18770065B0B4 /* Release */,
			);
			defaultConfigurationIsVisible = 0;
			defaultConfigurationName = Release;
		};
		7B39297629DC18770065B0B4 /* Build configuration list for PBXNativeTarget "HW-04-OTUS-NikitinAL" */ = {
			isa = XCConfigurationList;
			buildConfigurations = (
				7B39297729DC18770065B0B4 /* Debug */,
				7B39297829DC18770065B0B4 /* Release */,
			);
			defaultConfigurationIsVisible = 0;
			defaultConfigurationName = Release;
		};
/* End XCConfigurationList section */

/* Begin XCRemoteSwiftPackageReference section */
		7BB5D4CF29EED8570082CE6D /* XCRemoteSwiftPackageReference "ALNUI" */ = {
			isa = XCRemoteSwiftPackageReference;
			repositoryURL = "https://github.com/alexanderleo0/ALNUI";
			requirement = {
				branch = "HW-04";
				kind = branch;
			};
		};
		7BB5D4D229EED87E0082CE6D /* XCRemoteSwiftPackageReference "NavStack" */ = {
			isa = XCRemoteSwiftPackageReference;
			repositoryURL = "https://github.com/alexanderleo0/NavStack";
			requirement = {
				branch = "HW-04";
				kind = branch;
			};
		};
		7BB5D4D529EED8B10082CE6D /* XCRemoteSwiftPackageReference "Networking" */ = {
			isa = XCRemoteSwiftPackageReference;
			repositoryURL = "https://github.com/alexanderleo0/Networking";
			requirement = {
				branch = "HW-04";
				kind = branch;
			};
		};
/* End XCRemoteSwiftPackageReference section */

/* Begin XCSwiftPackageProductDependency section */
		7BB5D4D029EED8570082CE6D /* ALNUI */ = {
			isa = XCSwiftPackageProductDependency;
			package = 7BB5D4CF29EED8570082CE6D /* XCRemoteSwiftPackageReference "ALNUI" */;
			productName = ALNUI;
		};
		7BB5D4D329EED87E0082CE6D /* NavStack */ = {
			isa = XCSwiftPackageProductDependency;
			package = 7BB5D4D229EED87E0082CE6D /* XCRemoteSwiftPackageReference "NavStack" */;
			productName = NavStack;
		};
		7BB5D4D629EED8B10082CE6D /* Networking */ = {
			isa = XCSwiftPackageProductDependency;
			package = 7BB5D4D529EED8B10082CE6D /* XCRemoteSwiftPackageReference "Networking" */;
			productName = Networking;
		};
		7BB5D4DB29EEDA7C0082CE6D /* ALNServices */ = {
			isa = XCSwiftPackageProductDependency;
			productName = ALNServices;
		};
/* End XCSwiftPackageProductDependency section */
	};
	rootObject = 7B39296029DC18760065B0B4 /* Project object */;
}
